
Microsoft Visual Studio Solution File, Format Version 12.00
# Visual Studio Version 16
VisualStudioVersion = 25.0.1704.0
MinimumVisualStudioVersion = 10.0.40219.1
Project("{FAE04EC0-301F-11D3-BF4B-00C04F79EFBC}") = "LanguagePicker", "LanguagePicker.csproj", "{4D4010D6-01C4-4D3E-AE1D-E58420980E91}"
EndProject
Global
	GlobalSection(SolutionConfigurationPlatforms) = preSolution
		Debug|Any CPU = Debug|Any CPU
		Release|Any CPU = Release|Any CPU
	EndGlobalSection
	GlobalSection(ProjectConfigurationPlatforms) = postSolution
		{4D4010D6-01C4-4D3E-AE1D-E58420980E91}.Debug|Any CPU.ActiveCfg = Debug|Any CPU
		{4D4010D6-01C4-4D3E-AE1D-E58420980E91}.Debug|Any CPU.Build.0 = Debug|Any CPU
		{4D4010D6-01C4-4D3E-AE1D-E58420980E91}.Release|Any CPU.ActiveCfg = Release|Any CPU
		{4D4010D6-01C4-4D3E-AE1D-E58420980E91}.Release|Any CPU.Build.0 = Release|Any CPU
	EndGlobalSection
	GlobalSection(SolutionProperties) = preSolution
		HideSolutionNode = FALSE
	EndGlobalSection
	GlobalSection(ExtensibilityGlobals) = postSolution
		SolutionGuid = {30DCEE12-5E6D-4520-9BB3-EA7F9BA7B5BA}
	EndGlobalSection
EndGlobal
